
Microsoft Visual Studio Solution File, Format Version 12.00
# Visual Studio 15
VisualStudioVersion = 15.0.27004.2009
MinimumVisualStudioVersion = 10.0.40219.1
Project("{FAE04EC0-301F-11D3-BF4B-00C04F79EFBC}") = "PG2_DivideAndConquerPower", "PG2_DivideAndConquerPower\PG2_DivideAndConquerPower.csproj", "{5688E828-84B8-4C4E-99E1-E5FC3545F0F1}"
EndProject
Global
	GlobalSection(SolutionConfigurationPlatforms) = preSolution
		Debug|Any CPU = Debug|Any CPU
		Release|Any CPU = Release|Any CPU
	EndGlobalSection
	GlobalSection(ProjectConfigurationPlatforms) = postSolution
		{5688E828-84B8-4C4E-99E1-E5FC3545F0F1}.Debug|Any CPU.ActiveCfg = Debug|Any CPU
		{5688E828-84B8-4C4E-99E1-E5FC3545F0F1}.Debug|Any CPU.Build.0 = Debug|Any CPU
		{5688E828-84B8-4C4E-99E1-E5FC3545F0F1}.Release|Any CPU.ActiveCfg = Release|Any CPU
		{5688E828-84B8-4C4E-99E1-E5FC3545F0F1}.Release|Any CPU.Build.0 = Release|Any CPU
	EndGlobalSection
	GlobalSection(SolutionProperties) = preSolution
		HideSolutionNode = FALSE
	EndGlobalSection
	GlobalSection(ExtensibilityGlobals) = postSolution
		SolutionGuid = {A3B06176-C3D7-4B7C-A245-8E707CF04416}
	EndGlobalSection
EndGlobal
