
Microsoft Visual Studio Solution File, Format Version 12.00
# Visual Studio 15
VisualStudioVersion = 15.0.27703.2035
MinimumVisualStudioVersion = 10.0.40219.1
Project("{FAE04EC0-301F-11D3-BF4B-00C04F79EFBC}") = "ClientConsoleProgram", "ClientConsoleProgram\ClientConsoleProgram.csproj", "{A5035825-3AA8-4913-A4B0-2CE7603A2187}"
EndProject
Project("{FAE04EC0-301F-11D3-BF4B-00C04F79EFBC}") = "DataStructureLibrary", "DataStructureLibrary\DataStructureLibrary.csproj", "{21E5D929-FECE-4696-BA31-0A83AF3AEEC3}"
EndProject
Global
	GlobalSection(SolutionConfigurationPlatforms) = preSolution
		Debug|Any CPU = Debug|Any CPU
		Release|Any CPU = Release|Any CPU
	EndGlobalSection
	GlobalSection(ProjectConfigurationPlatforms) = postSolution
		{A5035825-3AA8-4913-A4B0-2CE7603A2187}.Debug|Any CPU.ActiveCfg = Debug|Any CPU
		{A5035825-3AA8-4913-A4B0-2CE7603A2187}.Debug|Any CPU.Build.0 = Debug|Any CPU
		{A5035825-3AA8-4913-A4B0-2CE7603A2187}.Release|Any CPU.ActiveCfg = Release|Any CPU
		{A5035825-3AA8-4913-A4B0-2CE7603A2187}.Release|Any CPU.Build.0 = Release|Any CPU
		{21E5D929-FECE-4696-BA31-0A83AF3AEEC3}.Debug|Any CPU.ActiveCfg = Debug|Any CPU
		{21E5D929-FECE-4696-BA31-0A83AF3AEEC3}.Debug|Any CPU.Build.0 = Debug|Any CPU
		{21E5D929-FECE-4696-BA31-0A83AF3AEEC3}.Release|Any CPU.ActiveCfg = Release|Any CPU
		{21E5D929-FECE-4696-BA31-0A83AF3AEEC3}.Release|Any CPU.Build.0 = Release|Any CPU
	EndGlobalSection
	GlobalSection(SolutionProperties) = preSolution
		HideSolutionNode = FALSE
	EndGlobalSection
	GlobalSection(ExtensibilityGlobals) = postSolution
		SolutionGuid = {652F3BF9-CAD2-4989-BFC8-236A097AA154}
	EndGlobalSection
EndGlobal
