
Microsoft Visual Studio Solution File, Format Version 12.00
# Visual Studio 15
VisualStudioVersion = 15.0.27703.2035
MinimumVisualStudioVersion = 10.0.40219.1
Project("{FAE04EC0-301F-11D3-BF4B-00C04F79EFBC}") = "ClientConsoleProgram", "ClientConsoleProgram\ClientConsoleProgram.csproj", "{900A1805-31C6-440F-95D9-1D5FDCC1C089}"
EndProject
Project("{FAE04EC0-301F-11D3-BF4B-00C04F79EFBC}") = "DataStructureLibrary", "DataStructureLibrary\DataStructureLibrary.csproj", "{BA2EF8C1-302D-4F17-B02E-7F5C5DDD7DD1}"
EndProject
Global
	GlobalSection(SolutionConfigurationPlatforms) = preSolution
		Debug|Any CPU = Debug|Any CPU
		Release|Any CPU = Release|Any CPU
	EndGlobalSection
	GlobalSection(ProjectConfigurationPlatforms) = postSolution
		{900A1805-31C6-440F-95D9-1D5FDCC1C089}.Debug|Any CPU.ActiveCfg = Debug|Any CPU
		{900A1805-31C6-440F-95D9-1D5FDCC1C089}.Debug|Any CPU.Build.0 = Debug|Any CPU
		{900A1805-31C6-440F-95D9-1D5FDCC1C089}.Release|Any CPU.ActiveCfg = Release|Any CPU
		{900A1805-31C6-440F-95D9-1D5FDCC1C089}.Release|Any CPU.Build.0 = Release|Any CPU
		{BA2EF8C1-302D-4F17-B02E-7F5C5DDD7DD1}.Debug|Any CPU.ActiveCfg = Debug|Any CPU
		{BA2EF8C1-302D-4F17-B02E-7F5C5DDD7DD1}.Debug|Any CPU.Build.0 = Debug|Any CPU
		{BA2EF8C1-302D-4F17-B02E-7F5C5DDD7DD1}.Release|Any CPU.ActiveCfg = Release|Any CPU
		{BA2EF8C1-302D-4F17-B02E-7F5C5DDD7DD1}.Release|Any CPU.Build.0 = Release|Any CPU
	EndGlobalSection
	GlobalSection(SolutionProperties) = preSolution
		HideSolutionNode = FALSE
	EndGlobalSection
	GlobalSection(ExtensibilityGlobals) = postSolution
		SolutionGuid = {3B322B77-0F38-4C70-A5B8-8743E613BF75}
	EndGlobalSection
EndGlobal
