
Microsoft Visual Studio Solution File, Format Version 12.00
# Visual Studio 15
VisualStudioVersion = 15.0.27703.2035
MinimumVisualStudioVersion = 10.0.40219.1
Project("{FAE04EC0-301F-11D3-BF4B-00C04F79EFBC}") = "ClientConsoleProgram", "ClientConsoleProgram\ClientConsoleProgram.csproj", "{C48251B2-0AD0-4B6C-B9CC-24CC053ABB2D}"
EndProject
Project("{FAE04EC0-301F-11D3-BF4B-00C04F79EFBC}") = "DataStructureLibrary", "DataStructureLibrary\DataStructureLibrary.csproj", "{276A2ACA-6EF7-4955-BEDC-840F43EB0655}"
EndProject
Global
	GlobalSection(SolutionConfigurationPlatforms) = preSolution
		Debug|Any CPU = Debug|Any CPU
		Release|Any CPU = Release|Any CPU
	EndGlobalSection
	GlobalSection(ProjectConfigurationPlatforms) = postSolution
		{C48251B2-0AD0-4B6C-B9CC-24CC053ABB2D}.Debug|Any CPU.ActiveCfg = Debug|Any CPU
		{C48251B2-0AD0-4B6C-B9CC-24CC053ABB2D}.Debug|Any CPU.Build.0 = Debug|Any CPU
		{C48251B2-0AD0-4B6C-B9CC-24CC053ABB2D}.Release|Any CPU.ActiveCfg = Release|Any CPU
		{C48251B2-0AD0-4B6C-B9CC-24CC053ABB2D}.Release|Any CPU.Build.0 = Release|Any CPU
		{276A2ACA-6EF7-4955-BEDC-840F43EB0655}.Debug|Any CPU.ActiveCfg = Debug|Any CPU
		{276A2ACA-6EF7-4955-BEDC-840F43EB0655}.Debug|Any CPU.Build.0 = Debug|Any CPU
		{276A2ACA-6EF7-4955-BEDC-840F43EB0655}.Release|Any CPU.ActiveCfg = Release|Any CPU
		{276A2ACA-6EF7-4955-BEDC-840F43EB0655}.Release|Any CPU.Build.0 = Release|Any CPU
	EndGlobalSection
	GlobalSection(SolutionProperties) = preSolution
		HideSolutionNode = FALSE
	EndGlobalSection
	GlobalSection(ExtensibilityGlobals) = postSolution
		SolutionGuid = {5439277B-4802-473A-A902-19D22A75BAE9}
	EndGlobalSection
EndGlobal
