
Microsoft Visual Studio Solution File, Format Version 12.00
# Visual Studio Version 16
VisualStudioVersion = 16.0.29519.181
MinimumVisualStudioVersion = 10.0.40219.1
Project("{FAE04EC0-301F-11D3-BF4B-00C04F79EFBC}") = "ConsoleApp", "ConsoleApp\ConsoleApp.csproj", "{5BC1732A-9DD9-4F4A-BC86-D6D474EEE5CE}"
EndProject
Project("{FAE04EC0-301F-11D3-BF4B-00C04F79EFBC}") = "DataStructureLibrary", "DataStructureLibrary\DataStructureLibrary.csproj", "{E3EACA88-6B07-421B-8EC0-491D99EC0DCF}"
EndProject
Global
	GlobalSection(SolutionConfigurationPlatforms) = preSolution
		Debug|Any CPU = Debug|Any CPU
		Release|Any CPU = Release|Any CPU
	EndGlobalSection
	GlobalSection(ProjectConfigurationPlatforms) = postSolution
		{5BC1732A-9DD9-4F4A-BC86-D6D474EEE5CE}.Debug|Any CPU.ActiveCfg = Debug|Any CPU
		{5BC1732A-9DD9-4F4A-BC86-D6D474EEE5CE}.Debug|Any CPU.Build.0 = Debug|Any CPU
		{5BC1732A-9DD9-4F4A-BC86-D6D474EEE5CE}.Release|Any CPU.ActiveCfg = Release|Any CPU
		{5BC1732A-9DD9-4F4A-BC86-D6D474EEE5CE}.Release|Any CPU.Build.0 = Release|Any CPU
		{E3EACA88-6B07-421B-8EC0-491D99EC0DCF}.Debug|Any CPU.ActiveCfg = Debug|Any CPU
		{E3EACA88-6B07-421B-8EC0-491D99EC0DCF}.Debug|Any CPU.Build.0 = Debug|Any CPU
		{E3EACA88-6B07-421B-8EC0-491D99EC0DCF}.Release|Any CPU.ActiveCfg = Release|Any CPU
		{E3EACA88-6B07-421B-8EC0-491D99EC0DCF}.Release|Any CPU.Build.0 = Release|Any CPU
	EndGlobalSection
	GlobalSection(SolutionProperties) = preSolution
		HideSolutionNode = FALSE
	EndGlobalSection
	GlobalSection(ExtensibilityGlobals) = postSolution
		SolutionGuid = {C04DCB42-A394-4385-83B5-3AF1379592FC}
	EndGlobalSection
EndGlobal
